dependencies:
- name: redis
  repository: https://charts.bitnami.com/bitnami
  version: 24.0.0
- name: kube-prometheus-stack
  repository: https://prometheus-community.github.io/helm-charts
  version: 59.1.0
- name: secrets-store-csi-driver
  repository: https://kubernetes-sigs.github.io/secrets-store-csi-driver/charts
  version: 1.5.4
digest: sha256:ae557adab7b487320219f4f005b5f116b8b91c750d2c2699349df752377bb58a
generated: "2025-12-04T14:30:08.601924+02:00"
